
Microsoft Visual Studio Solution File, Format Version 12.00
# Visual Studio Version 16
VisualStudioVersion = 16.0.32002.261
MinimumVisualStudioVersion = 10.0.40219.1
Project("{FAE04EC0-301F-11D3-BF4B-00C04F79EFBC}") = "PostNuget", "PostNuget\PostNuget.csproj", "{24E79099-00AF-45DC-B96D-BADF32CC22AD}"
EndProject
Global
	GlobalSection(SolutionConfigurationPlatforms) = preSolution
		Debug|Any CPU = Debug|Any CPU
		Release|Any CPU = Release|Any CPU
	EndGlobalSection
	GlobalSection(ProjectConfigurationPlatforms) = postSolution
		{24E79099-00AF-45DC-B96D-BADF32CC22AD}.Debug|Any CPU.ActiveCfg = Debug|Any CPU
		{24E79099-00AF-45DC-B96D-BADF32CC22AD}.Debug|Any CPU.Build.0 = Debug|Any CPU
		{24E79099-00AF-45DC-B96D-BADF32CC22AD}.Release|Any CPU.ActiveCfg = Release|Any CPU
		{24E79099-00AF-45DC-B96D-BADF32CC22AD}.Release|Any CPU.Build.0 = Release|Any CPU
	EndGlobalSection
	GlobalSection(SolutionProperties) = preSolution
		HideSolutionNode = FALSE
	EndGlobalSection
	GlobalSection(ExtensibilityGlobals) = postSolution
		SolutionGuid = {8293899D-6475-4D24-BDB5-1D37921DF85C}
	EndGlobalSection
EndGlobal
